{
  "name": "persistent-object",
  "version": "1.0.0",
  "lockfileVersion": 2,
  "requires": true,
  "packages": {
    "": {
      "name": "persistent-object",
      "version": "1.0.0",
      "license": "ISC",
      "dependencies": {
        "realtypeof": "^1.2.0"
      }
    },
    "node_modules/realtypeof": {
      "version": "1.2.0",
      "resolved": "https://registry.npmjs.org/realtypeof/-/realtypeof-1.2.0.tgz",
      "integrity": "sha512-LHLYe/GpYQk+b2DDZaKk099Q9tNy6uMIfNS492iM1XiSt1CV7qHwXL5CwYFNTaLjrU2rr7KUEjXNlE7yFsbWlg=="
    }
  },
  "dependencies": {
    "realtypeof": {
      "version": "1.2.0",
      "resolved": "https://registry.npmjs.org/realtypeof/-/realtypeof-1.2.0.tgz",
      "integrity": "sha512-LHLYe/GpYQk+b2DDZaKk099Q9tNy6uMIfNS492iM1XiSt1CV7qHwXL5CwYFNTaLjrU2rr7KUEjXNlE7yFsbWlg=="
    }
  }
}
